
Microsoft Visual Studio Solution File, Format Version 12.00
# Visual Studio Version 17
VisualStudioVersion = 17.3.32825.248
MinimumVisualStudioVersion = 10.0.40219.1
Project("{9A19103F-16F7-4668-BE54-9A1E7A4F7556}") = "CursoNetCore.UI.Site", "src\CursoNetCore.UI.Site\CursoNetCore.UI.Site.csproj", "{DB4EC3E9-51BD-41C0-AAAE-6AAF271D4C4E}"
EndProject
Global
	GlobalSection(SolutionConfigurationPlatforms) = preSolution
		Debug|Any CPU = Debug|Any CPU
		Release|Any CPU = Release|Any CPU
	EndGlobalSection
	GlobalSection(ProjectConfigurationPlatforms) = postSolution
		{DB4EC3E9-51BD-41C0-AAAE-6AAF271D4C4E}.Debug|Any CPU.ActiveCfg = Debug|Any CPU
		{DB4EC3E9-51BD-41C0-AAAE-6AAF271D4C4E}.Debug|Any CPU.Build.0 = Debug|Any CPU
		{DB4EC3E9-51BD-41C0-AAAE-6AAF271D4C4E}.Release|Any CPU.ActiveCfg = Release|Any CPU
		{DB4EC3E9-51BD-41C0-AAAE-6AAF271D4C4E}.Release|Any CPU.Build.0 = Release|Any CPU
	EndGlobalSection
	GlobalSection(SolutionProperties) = preSolution
		HideSolutionNode = FALSE
	EndGlobalSection
	GlobalSection(ExtensibilityGlobals) = postSolution
		SolutionGuid = {78957749-0D71-4C4E-8DCA-25CB5AE19A52}
	EndGlobalSection
EndGlobal
